
Microsoft Visual Studio Solution File, Format Version 12.00
# Visual Studio 15
VisualStudioVersion = 15.0.27130.2036
MinimumVisualStudioVersion = 10.0.40219.1
Project("{FAE04EC0-301F-11D3-BF4B-00C04F79EFBC}") = "EnumClassPractice_Weekdays", "EnumClassPractice_Weekdays\EnumClassPractice_Weekdays.csproj", "{AE2676DB-6CF1-4213-BFCB-72F294743CEC}"
EndProject
Global
	GlobalSection(SolutionConfigurationPlatforms) = preSolution
		Debug|Any CPU = Debug|Any CPU
		Release|Any CPU = Release|Any CPU
	EndGlobalSection
	GlobalSection(ProjectConfigurationPlatforms) = postSolution
		{AE2676DB-6CF1-4213-BFCB-72F294743CEC}.Debug|Any CPU.ActiveCfg = Debug|Any CPU
		{AE2676DB-6CF1-4213-BFCB-72F294743CEC}.Debug|Any CPU.Build.0 = Debug|Any CPU
		{AE2676DB-6CF1-4213-BFCB-72F294743CEC}.Release|Any CPU.ActiveCfg = Release|Any CPU
		{AE2676DB-6CF1-4213-BFCB-72F294743CEC}.Release|Any CPU.Build.0 = Release|Any CPU
	EndGlobalSection
	GlobalSection(SolutionProperties) = preSolution
		HideSolutionNode = FALSE
	EndGlobalSection
	GlobalSection(ExtensibilityGlobals) = postSolution
		SolutionGuid = {DA2229B3-44AD-4E3E-BD09-0CDAF9E797BA}
	EndGlobalSection
EndGlobal
